
Microsoft Visual Studio Solution File, Format Version 12.00
# Visual Studio 15
VisualStudioVersion = 15.0.28307.1169
MinimumVisualStudioVersion = 10.0.40219.1
Project("{8BC9CEB8-8B4A-11D0-8D11-00A0C91BC942}") = "yolox", "yolox\yolox.vcxproj", "{73A62973-CC60-4B88-8FF1-4C1ADAB80EDE}"
EndProject
Global
	GlobalSection(SolutionConfigurationPlatforms) = preSolution
		Debug|x64 = Debug|x64
		Debug|x86 = Debug|x86
		Release|x64 = Release|x64
		Release|x86 = Release|x86
	EndGlobalSection
	GlobalSection(ProjectConfigurationPlatforms) = postSolution
		{73A62973-CC60-4B88-8FF1-4C1ADAB80EDE}.Debug|x64.ActiveCfg = Debug|x64
		{73A62973-CC60-4B88-8FF1-4C1ADAB80EDE}.Debug|x64.Build.0 = Debug|x64
		{73A62973-CC60-4B88-8FF1-4C1ADAB80EDE}.Debug|x86.ActiveCfg = Debug|Win32
		{73A62973-CC60-4B88-8FF1-4C1ADAB80EDE}.Debug|x86.Build.0 = Debug|Win32
		{73A62973-CC60-4B88-8FF1-4C1ADAB80EDE}.Release|x64.ActiveCfg = Release|x64
		{73A62973-CC60-4B88-8FF1-4C1ADAB80EDE}.Release|x64.Build.0 = Release|x64
		{73A62973-CC60-4B88-8FF1-4C1ADAB80EDE}.Release|x86.ActiveCfg = Release|Win32
		{73A62973-CC60-4B88-8FF1-4C1ADAB80EDE}.Release|x86.Build.0 = Release|Win32
	EndGlobalSection
	GlobalSection(SolutionProperties) = preSolution
		HideSolutionNode = FALSE
	EndGlobalSection
	GlobalSection(ExtensibilityGlobals) = postSolution
		SolutionGuid = {BDD037FD-D5CE-4877-837D-2550F9941241}
	EndGlobalSection
EndGlobal
